
Microsoft Visual Studio Solution File, Format Version 12.00
# Visual Studio Version 16
VisualStudioVersion = 16.0.31205.134
MinimumVisualStudioVersion = 10.0.40219.1
Project("{FAE04EC0-301F-11D3-BF4B-00C04F79EFBC}") = "InlineAPI", "InlineAPI\InlineAPI.csproj", "{6B97B778-9D6A-415E-AD6F-7C946A1153DB}"
EndProject
Global
	GlobalSection(SolutionConfigurationPlatforms) = preSolution
		Debug|Any CPU = Debug|Any CPU
		Release|Any CPU = Release|Any CPU
	EndGlobalSection
	GlobalSection(ProjectConfigurationPlatforms) = postSolution
		{6B97B778-9D6A-415E-AD6F-7C946A1153DB}.Debug|Any CPU.ActiveCfg = Debug|Any CPU
		{6B97B778-9D6A-415E-AD6F-7C946A1153DB}.Debug|Any CPU.Build.0 = Debug|Any CPU
		{6B97B778-9D6A-415E-AD6F-7C946A1153DB}.Release|Any CPU.ActiveCfg = Release|Any CPU
		{6B97B778-9D6A-415E-AD6F-7C946A1153DB}.Release|Any CPU.Build.0 = Release|Any CPU
	EndGlobalSection
	GlobalSection(SolutionProperties) = preSolution
		HideSolutionNode = FALSE
	EndGlobalSection
	GlobalSection(ExtensibilityGlobals) = postSolution
		SolutionGuid = {B8630DAC-C619-4A5A-8835-1A72EB5A692F}
	EndGlobalSection
EndGlobal
